// !$*UTF8*$!
{
	archiveVersion = 1;
	classes = {
	};
	objectVersion = 50;
	objects = {

/* Begin PBXBuildFile section */
		6E57DF6B20B72A6F79379780 /* Pods_ConfessionsDynamicApp.framework in Frameworks */ = {isa = PBXBuildFile; fileRef = 887A229A6B5DBB6A236129BA /* Pods_ConfessionsDynamicApp.framework */; };
		D4EA5A9A21D135C5007D883C /* AppDelegate.swift in Sources */ = {isa = PBXBuildFile; fileRef = D4EA5A9921D135C5007D883C /* AppDelegate.swift */; };
		D4EA5A9C21D135C5007D883C /* ViewController.swift in Sources */ = {isa = PBXBuildFile; fileRef = D4EA5A9B21D135C5007D883C /* ViewController.swift */; };
		D4EA5AA121D135CB007D883C /* Assets.xcassets in Resources */ = {isa = PBXBuildFile; fileRef = D4EA5AA021D135CB007D883C /* Assets.xcassets */; };
		D4EA5AA421D135CB007D883C /* LaunchScreen.storyboard in Resources */ = {isa = PBXBuildFile; fileRef = D4EA5AA221D135CB007D883C /* LaunchScreen.storyboard */; };
		D4EA5AAC21D136E4007D883C /* SignUpViewController.swift in Sources */ = {isa = PBXBuildFile; fileRef = D4EA5AAB21D136E4007D883C /* SignUpViewController.swift */; };
		D4EA5AAE21D13710007D883C /* PostsNavigationViewController.swift in Sources */ = {isa = PBXBuildFile; fileRef = D4EA5AAD21D13710007D883C /* PostsNavigationViewController.swift */; };
		D4EA5AB021D13884007D883C /* NetworkManager.swift in Sources */ = {isa = PBXBuildFile; fileRef = D4EA5AAF21D13884007D883C /* NetworkManager.swift */; };
		D4EA5AB221D13928007D883C /* Post.swift in Sources */ = {isa = PBXBuildFile; fileRef = D4EA5AB121D13928007D883C /* Post.swift */; };
		D4EA5AB421D14006007D883C /* PostTableViewCell.swift in Sources */ = {isa = PBXBuildFile; fileRef = D4EA5AB321D14006007D883C /* PostTableViewCell.swift */; };
		D4EA5AB621D163B7007D883C /* PostNavigationViewController.swift in Sources */ = {isa = PBXBuildFile; fileRef = D4EA5AB521D163B6007D883C /* PostNavigationViewController.swift */; };
		D4EA5AB821D1692E007D883C /* Comment.swift in Sources */ = {isa = PBXBuildFile; fileRef = D4EA5AB721D1692E007D883C /* Comment.swift */; };
		D4EA5ABA21D16B06007D883C /* CommentTableViewCell.swift in Sources */ = {isa = PBXBuildFile; fileRef = D4EA5AB921D16B06007D883C /* CommentTableViewCell.swift */; };
/* End PBXBuildFile section */

/* Begin PBXFileReference section */
		33097C385FEBDA6A31CCBF82 /* Pods-ConfessionsDynamicApp.debug.xcconfig */ = {isa = PBXFileReference; includeInIndex = 1; lastKnownFileType = text.xcconfig; name = "Pods-ConfessionsDynamicApp.debug.xcconfig"; path = "Pods/Target Support Files/Pods-ConfessionsDynamicApp/Pods-ConfessionsDynamicApp.debug.xcconfig"; sourceTree = "<group>"; };
		849ECA7A33D90DFF2878EB00 /* Pods-ConfessionsDynamicApp.release.xcconfig */ = {isa = PBXFileReference; includeInIndex = 1; lastKnownFileType = text.xcconfig; name = "Pods-ConfessionsDynamicApp.release.xcconfig"; path = "Pods/Target Support Files/Pods-ConfessionsDynamicApp/Pods-ConfessionsDynamicApp.release.xcconfig"; sourceTree = "<group>"; };
		887A229A6B5DBB6A236129BA /* Pods_ConfessionsDynamicApp.framework */ = {isa = PBXFileReference; explicitFileType = wrapper.framework; includeInIndex = 0; path = Pods_ConfessionsDynamicApp.framework; sourceTree = BUILT_PRODUCTS_DIR; };
		D4EA5A9621D135C5007D883C /* ConfessionsDynamicApp.app */ = {isa = PBXFileReference; explicitFileType = wrapper.application; includeInIndex = 0; path = ConfessionsDynamicApp.app; sourceTree = BUILT_PRODUCTS_DIR; };
		D4EA5A9921D135C5007D883C /* AppDelegate.swift */ = {isa = PBXFileReference; lastKnownFileType = sourcecode.swift; path = AppDelegate.swift; sourceTree = "<group>"; };
		D4EA5A9B21D135C5007D883C /* ViewController.swift */ = {isa = PBXFileReference; lastKnownFileType = sourcecode.swift; path = ViewController.swift; sourceTree = "<group>"; };
		D4EA5AA021D135CB007D883C /* Assets.xcassets */ = {isa = PBXFileReference; lastKnownFileType = folder.assetcatalog; path = Assets.xcassets; sourceTree = "<group>"; };
		D4EA5AA321D135CB007D883C /* Base */ = {isa = PBXFileReference; lastKnownFileType = file.storyboard; name = Base; path = Base.lproj/LaunchScreen.storyboard; sourceTree = "<group>"; };
		D4EA5AA521D135CB007D883C /* Info.plist */ = {isa = PBXFileReference; lastKnownFileType = text.plist.xml; path = Info.plist; sourceTree = "<group>"; };
		D4EA5AAB21D136E4007D883C /* SignUpViewController.swift */ = {isa = PBXFileReference; lastKnownFileType = sourcecode.swift; path = SignUpViewController.swift; sourceTree = "<group>"; };
		D4EA5AAD21D13710007D883C /* PostsNavigationViewController.swift */ = {isa = PBXFileReference; lastKnownFileType = sourcecode.swift; path = PostsNavigationViewController.swift; sourceTree = "<group>"; };
		D4EA5AAF21D13884007D883C /* NetworkManager.swift */ = {isa = PBXFileReference; lastKnownFileType = sourcecode.swift; path = NetworkManager.swift; sourceTree = "<group>"; };
		D4EA5AB121D13928007D883C /* Post.swift */ = {isa = PBXFileReference; lastKnownFileType = sourcecode.swift; path = Post.swift; sourceTree = "<group>"; };
		D4EA5AB321D14006007D883C /* PostTableViewCell.swift */ = {isa = PBXFileReference; lastKnownFileType = sourcecode.swift; path = PostTableViewCell.swift; sourceTree = "<group>"; };
		D4EA5AB521D163B6007D883C /* PostNavigationViewController.swift */ = {isa = PBXFileReference; lastKnownFileType = sourcecode.swift; path = PostNavigationViewController.swift; sourceTree = "<group>"; };
		D4EA5AB721D1692E007D883C /* Comment.swift */ = {isa = PBXFileReference; lastKnownFileType = sourcecode.swift; path = Comment.swift; sourceTree = "<group>"; };
		D4EA5AB921D16B06007D883C /* CommentTableViewCell.swift */ = {isa = PBXFileReference; lastKnownFileType = sourcecode.swift; path = CommentTableViewCell.swift; sourceTree = "<group>"; };
/* End PBXFileReference section */

/* Begin PBXFrameworksBuildPhase section */
		D4EA5A9321D135C5007D883C /* Frameworks */ = {
			isa = PBXFrameworksBuildPhase;
			buildActionMask = 2147483647;
			files = (
				6E57DF6B20B72A6F79379780 /* Pods_ConfessionsDynamicApp.framework in Frameworks */,
			);
			runOnlyForDeploymentPostprocessing = 0;
		};
/* End PBXFrameworksBuildPhase section */

/* Begin PBXGroup section */
		7D561F13BB304D710A83CAD8 /* Pods */ = {
			isa = PBXGroup;
			children = (
				33097C385FEBDA6A31CCBF82 /* Pods-ConfessionsDynamicApp.debug.xcconfig */,
				849ECA7A33D90DFF2878EB00 /* Pods-ConfessionsDynamicApp.release.xcconfig */,
			);
			name = Pods;
			sourceTree = "<group>";
		};
		D4EA5A8D21D135C5007D883C = {
			isa = PBXGroup;
			children = (
				D4EA5A9821D135C5007D883C /* ConfessionsDynamicApp */,
				D4EA5A9721D135C5007D883C /* Products */,
				7D561F13BB304D710A83CAD8 /* Pods */,
				E8A3B098E8D6A84F4B78019D /* Frameworks */,
			);
			sourceTree = "<group>";
		};
		D4EA5A9721D135C5007D883C /* Products */ = {
			isa = PBXGroup;
			children = (
				D4EA5A9621D135C5007D883C /* ConfessionsDynamicApp.app */,
			);
			name = Products;
			sourceTree = "<group>";
		};
		D4EA5A9821D135C5007D883C /* ConfessionsDynamicApp */ = {
			isa = PBXGroup;
			children = (
				D4EA5A9921D135C5007D883C /* AppDelegate.swift */,
				D4EA5A9B21D135C5007D883C /* ViewController.swift */,
				D4EA5AAF21D13884007D883C /* NetworkManager.swift */,
				D4EA5AB121D13928007D883C /* Post.swift */,
				D4EA5AB721D1692E007D883C /* Comment.swift */,
				D4EA5AB321D14006007D883C /* PostTableViewCell.swift */,
				D4EA5AB921D16B06007D883C /* CommentTableViewCell.swift */,
				D4EA5AB521D163B6007D883C /* PostNavigationViewController.swift */,
				D4EA5AAD21D13710007D883C /* PostsNavigationViewController.swift */,
				D4EA5AAB21D136E4007D883C /* SignUpViewController.swift */,
				D4EA5AA021D135CB007D883C /* Assets.xcassets */,
				D4EA5AA221D135CB007D883C /* LaunchScreen.storyboard */,
				D4EA5AA521D135CB007D883C /* Info.plist */,
			);
			path = ConfessionsDynamicApp;
			sourceTree = "<group>";
		};
		E8A3B098E8D6A84F4B78019D /* Frameworks */ = {
			isa = PBXGroup;
			children = (
				887A229A6B5DBB6A236129BA /* Pods_ConfessionsDynamicApp.framework */,
			);
			name = Frameworks;
			sourceTree = "<group>";
		};
/* End PBXGroup section */

/* Begin PBXNativeTarget section */
		D4EA5A9521D135C5007D883C /* ConfessionsDynamicApp */ = {
			isa = PBXNativeTarget;
			buildConfigurationList = D4EA5AA821D135CB007D883C /* Build configuration list for PBXNativeTarget "ConfessionsDynamicApp" */;
			buildPhases = (
				6DAA4A2DDD3184E4C0AE6566 /* [CP] Check Pods Manifest.lock */,
				D4EA5A9221D135C5007D883C /* Sources */,
				D4EA5A9321D135C5007D883C /* Frameworks */,
				D4EA5A9421D135C5007D883C /* Resources */,
				84CC2263105DCD0CE7FA8BA4 /* [CP] Embed Pods Frameworks */,
			);
			buildRules = (
			);
			dependencies = (
			);
			name = ConfessionsDynamicApp;
			productName = ConfessionsDynamicApp;
			productReference = D4EA5A9621D135C5007D883C /* ConfessionsDynamicApp.app */;
			productType = "com.apple.product-type.application";
		};
/* End PBXNativeTarget section */

/* Begin PBXProject section */
		D4EA5A8E21D135C5007D883C /* Project object */ = {
			isa = PBXProject;
			attributes = {
				LastSwiftUpdateCheck = 1010;
				LastUpgradeCheck = 1010;
				ORGANIZATIONNAME = "Lucy Xu";
				TargetAttributes = {
					D4EA5A9521D135C5007D883C = {
						CreatedOnToolsVersion = 10.1;
					};
				};
			};
			buildConfigurationList = D4EA5A9121D135C5007D883C /* Build configuration list for PBXProject "ConfessionsDynamicApp" */;
			compatibilityVersion = "Xcode 9.3";
			developmentRegion = en;
			hasScannedForEncodings = 0;
			knownRegions = (
				en,
				Base,
			);
			mainGroup = D4EA5A8D21D135C5007D883C;
			productRefGroup = D4EA5A9721D135C5007D883C /* Products */;
			projectDirPath = "";
			projectRoot = "";
			targets = (
				D4EA5A9521D135C5007D883C /* ConfessionsDynamicApp */,
			);
		};
/* End PBXProject section */

/* Begin PBXResourcesBuildPhase section */
		D4EA5A9421D135C5007D883C /* Resources */ = {
			isa = PBXResourcesBuildPhase;
			buildActionMask = 2147483647;
			files = (
				D4EA5AA421D135CB007D883C /* LaunchScreen.storyboard in Resources */,
				D4EA5AA121D135CB007D883C /* Assets.xcassets in Resources */,
			);
			runOnlyForDeploymentPostprocessing = 0;
		};
/* End PBXResourcesBuildPhase section */

/* Begin PBXShellScriptBuildPhase section */
		6DAA4A2DDD3184E4C0AE6566 /* [CP] Check Pods Manifest.lock */ = {
			isa = PBXShellScriptBuildPhase;
			buildActionMask = 2147483647;
			files = (
			);
			inputFileListPaths = (
			);
			inputPaths = (
				"${PODS_PODFILE_DIR_PATH}/Podfile.lock",
				"${PODS_ROOT}/Manifest.lock",
			);
			name = "[CP] Check Pods Manifest.lock";
			outputFileListPaths = (
			);
			outputPaths = (
				"$(DERIVED_FILE_DIR)/Pods-ConfessionsDynamicApp-checkManifestLockResult.txt",
			);
			runOnlyForDeploymentPostprocessing = 0;
			shellPath = /bin/sh;
			shellScript = "diff \"${PODS_PODFILE_DIR_PATH}/Podfile.lock\" \"${PODS_ROOT}/Manifest.lock\" > /dev/null\nif [ $? != 0 ] ; then\n    # print error to STDERR\n    echo \"error: The sandbox is not in sync with the Podfile.lock. Run 'pod install' or update your CocoaPods installation.\" >&2\n    exit 1\nfi\n# This output is used by Xcode 'outputs' to avoid re-running this script phase.\necho \"SUCCESS\" > \"${SCRIPT_OUTPUT_FILE_0}\"\n";
			showEnvVarsInLog = 0;
		};
		84CC2263105DCD0CE7FA8BA4 /* [CP] Embed Pods Frameworks */ = {
			isa = PBXShellScriptBuildPhase;
			buildActionMask = 2147483647;
			files = (
			);
			inputFileListPaths = (
			);
			inputPaths = (
				"${SRCROOT}/Pods/Target Support Files/Pods-ConfessionsDynamicApp/Pods-ConfessionsDynamicApp-frameworks.sh",
				"${BUILT_PRODUCTS_DIR}/Alamofire/Alamofire.framework",
				"${BUILT_PRODUCTS_DIR}/SnapKit/SnapKit.framework",
			);
			name = "[CP] Embed Pods Frameworks";
			outputFileListPaths = (
			);
			outputPaths = (
				"${TARGET_BUILD_DIR}/${FRAMEWORKS_FOLDER_PATH}/Alamofire.framework",
				"${TARGET_BUILD_DIR}/${FRAMEWORKS_FOLDER_PATH}/SnapKit.framework",
			);
			runOnlyForDeploymentPostprocessing = 0;
			shellPath = /bin/sh;
			shellScript = "\"${SRCROOT}/Pods/Target Support Files/Pods-ConfessionsDynamicApp/Pods-ConfessionsDynamicApp-frameworks.sh\"\n";
			showEnvVarsInLog = 0;
		};
/* End PBXShellScriptBuildPhase section */

/* Begin PBXSourcesBuildPhase section */
		D4EA5A9221D135C5007D883C /* Sources */ = {
			isa = PBXSourcesBuildPhase;
			buildActionMask = 2147483647;
			files = (
				D4EA5AB421D14006007D883C /* PostTableViewCell.swift in Sources */,
				D4EA5AAC21D136E4007D883C /* SignUpViewController.swift in Sources */,
				D4EA5A9C21D135C5007D883C /* ViewController.swift in Sources */,
				D4EA5AB621D163B7007D883C /* PostNavigationViewController.swift in Sources */,
				D4EA5AB021D13884007D883C /* NetworkManager.swift in Sources */,
				D4EA5AB221D13928007D883C /* Post.swift in Sources */,
				D4EA5AAE21D13710007D883C /* PostsNavigationViewController.swift in Sources */,
				D4EA5ABA21D16B06007D883C /* CommentTableViewCell.swift in Sources */,
				D4EA5AB821D1692E007D883C /* Comment.swift in Sources */,
				D4EA5A9A21D135C5007D883C /* AppDelegate.swift in Sources */,
			);
			runOnlyForDeploymentPostprocessing = 0;
		};
/* End PBXSourcesBuildPhase section */

/* Begin PBXVariantGroup section */
		D4EA5AA221D135CB007D883C /* LaunchScreen.storyboard */ = {
			isa = PBXVariantGroup;
			children = (
				D4EA5AA321D135CB007D883C /* Base */,
			);
			name = LaunchScreen.storyboard;
			sourceTree = "<group>";
		};
/* End PBXVariantGroup section */

/* Begin XCBuildConfiguration section */
		D4EA5AA621D135CB007D883C /* Debug */ = {
			isa = XCBuildConfiguration;
			buildSettings = {
				ALWAYS_SEARCH_USER_PATHS = NO;
				CLANG_ANALYZER_NONNULL = YES;
				CLANG_ANALYZER_NUMBER_OBJECT_CONVERSION = YES_AGGRESSIVE;
				CLANG_CXX_LANGUAGE_STANDARD = "gnu++14";
				CLANG_CXX_LIBRARY = "libc++";
				CLANG_ENABLE_MODULES = YES;
				CLANG_ENABLE_OBJC_ARC = YES;
				CLANG_ENABLE_OBJC_WEAK = YES;
				CLANG_WARN_BLOCK_CAPTURE_AUTORELEASING = YES;
				CLANG_WARN_BOOL_CONVERSION = YES;
				CLANG_WARN_COMMA = YES;
				CLANG_WARN_CONSTANT_CONVERSION = YES;
				CLANG_WARN_DEPRECATED_OBJC_IMPLEMENTATIONS = YES;
				CLANG_WARN_DIRECT_OBJC_ISA_USAGE = YES_ERROR;
				CLANG_WARN_DOCUMENTATION_COMMENTS = YES;
				CLANG_WARN_EMPTY_BODY = YES;
				CLANG_WARN_ENUM_CONVERSION = YES;
				CLANG_WARN_INFINITE_RECURSION = YES;
				CLANG_WARN_INT_CONVERSION = YES;
				CLANG_WARN_NON_LITERAL_NULL_CONVERSION = YES;
				CLANG_WARN_OBJC_IMPLICIT_RETAIN_SELF = YES;
				CLANG_WARN_OBJC_LITERAL_CONVERSION = YES;
				CLANG_WARN_OBJC_ROOT_CLASS = YES_ERROR;
				CLANG_WARN_RANGE_LOOP_ANALYSIS = YES;
				CLANG_WARN_STRICT_PROTOTYPES = YES;
				CLANG_WARN_SUSPICIOUS_MOVE = YES;
				CLANG_WARN_UNGUARDED_AVAILABILITY = YES_AGGRESSIVE;
				CLANG_WARN_UNREACHABLE_CODE = YES;
				CLANG_WARN__DUPLICATE_METHOD_MATCH = YES;
				CODE_SIGN_IDENTITY = "iPhone Developer";
				COPY_PHASE_STRIP = NO;
				DEBUG_INFORMATION_FORMAT = dwarf;
				ENABLE_STRICT_OBJC_MSGSEND = YES;
				ENABLE_TESTABILITY = YES;
				GCC_C_LANGUAGE_STANDARD = gnu11;
				GCC_DYNAMIC_NO_PIC = NO;
				GCC_NO_COMMON_BLOCKS = YES;
				GCC_OPTIMIZATION_LEVEL = 0;
				GCC_PREPROCESSOR_DEFINITIONS = (
					"DEBUG=1",
					"$(inherited)",
				);
				GCC_WARN_64_TO_32_BIT_CONVERSION = YES;
				GCC_WARN_ABOUT_RETURN_TYPE = YES_ERROR;
				GCC_WARN_UNDECLARED_SELECTOR = YES;
				GCC_WARN_UNINITIALIZED_AUTOS = YES_AGGRESSIVE;
				GCC_WARN_UNUSED_FUNCTION = YES;
				GCC_WARN_UNUSED_VARIABLE = YES;
				IPHONEOS_DEPLOYMENT_TARGET = 12.1;
				MTL_ENABLE_DEBUG_INFO = INCLUDE_SOURCE;
				MTL_FAST_MATH = YES;
				ONLY_ACTIVE_ARCH = YES;
				SDKROOT = iphoneos;
				SWIFT_ACTIVE_COMPILATION_CONDITIONS = DEBUG;
				SWIFT_OPTIMIZATION_LEVEL = "-Onone";
			};
			name = Debug;
		};
		D4EA5AA721D135CB007D883C /* Release */ = {
			isa = XCBuildConfiguration;
			buildSettings = {
				ALWAYS_SEARCH_USER_PATHS = NO;
				CLANG_ANALYZER_NONNULL = YES;
				CLANG_ANALYZER_NUMBER_OBJECT_CONVERSION = YES_AGGRESSIVE;
				CLANG_CXX_LANGUAGE_STANDARD = "gnu++14";
				CLANG_CXX_LIBRARY = "libc++";
				CLANG_ENABLE_MODULES = YES;
				CLANG_ENABLE_OBJC_ARC = YES;
				CLANG_ENABLE_OBJC_WEAK = YES;
				CLANG_WARN_BLOCK_CAPTURE_AUTORELEASING = YES;
				CLANG_WARN_BOOL_CONVERSION = YES;
				CLANG_WARN_COMMA = YES;
				CLANG_WARN_CONSTANT_CONVERSION = YES;
				CLANG_WARN_DEPRECATED_OBJC_IMPLEMENTATIONS = YES;
				CLANG_WARN_DIRECT_OBJC_ISA_USAGE = YES_ERROR;
				CLANG_WARN_DOCUMENTATION_COMMENTS = YES;
				CLANG_WARN_EMPTY_BODY = YES;
				CLANG_WARN_ENUM_CONVERSION = YES;
				CLANG_WARN_INFINITE_RECURSION = YES;
				CLANG_WARN_INT_CONVERSION = YES;
				CLANG_WARN_NON_LITERAL_NULL_CONVERSION = YES;
				CLANG_WARN_OBJC_IMPLICIT_RETAIN_SELF = YES;
				CLANG_WARN_OBJC_LITERAL_CONVERSION = YES;
				CLANG_WARN_OBJC_ROOT_CLASS = YES_ERROR;
				CLANG_WARN_RANGE_LOOP_ANALYSIS = YES;
				CLANG_WARN_STRICT_PROTOTYPES = YES;
				CLANG_WARN_SUSPICIOUS_MOVE = YES;
				CLANG_WARN_UNGUARDED_AVAILABILITY = YES_AGGRESSIVE;
				CLANG_WARN_UNREACHABLE_CODE = YES;
				CLANG_WARN__DUPLICATE_METHOD_MATCH = YES;
				CODE_SIGN_IDENTITY = "iPhone Developer";
				COPY_PHASE_STRIP = NO;
				DEBUG_INFORMATION_FORMAT = "dwarf-with-dsym";
				ENABLE_NS_ASSERTIONS = NO;
				ENABLE_STRICT_OBJC_MSGSEND = YES;
				GCC_C_LANGUAGE_STANDARD = gnu11;
				GCC_NO_COMMON_BLOCKS = YES;
				GCC_WARN_64_TO_32_BIT_CONVERSION = YES;
				GCC_WARN_ABOUT_RETURN_TYPE = YES_ERROR;
				GCC_WARN_UNDECLARED_SELECTOR = YES;
				GCC_WARN_UNINITIALIZED_AUTOS = YES_AGGRESSIVE;
				GCC_WARN_UNUSED_FUNCTION = YES;
				GCC_WARN_UNUSED_VARIABLE = YES;
				IPHONEOS_DEPLOYMENT_TARGET = 12.1;
				MTL_ENABLE_DEBUG_INFO = NO;
				MTL_FAST_MATH = YES;
				SDKROOT = iphoneos;
				SWIFT_COMPILATION_MODE = wholemodule;
				SWIFT_OPTIMIZATION_LEVEL = "-O";
				VALIDATE_PRODUCT = YES;
			};
			name = Release;
		};
		D4EA5AA921D135CB007D883C /* Debug */ = {
			isa = XCBuildConfiguration;
			baseConfigurationReference = 33097C385FEBDA6A31CCBF82 /* Pods-ConfessionsDynamicApp.debug.xcconfig */;
			buildSettings = {
				ASSETCATALOG_COMPILER_APPICON_NAME = AppIcon;
				CODE_SIGN_STYLE = Automatic;
				INFOPLIST_FILE = ConfessionsDynamicApp/Info.plist;
				LD_RUNPATH_SEARCH_PATHS = (
					"$(inherited)",
					"@executable_path/Frameworks",
				);
				PRODUCT_BUNDLE_IDENTIFIER = com.lucyxu.ConfessionsDynamicApp;
				PRODUCT_NAME = "$(TARGET_NAME)";
				SWIFT_VERSION = 4.2;
				TARGETED_DEVICE_FAMILY = "1,2";
			};
			name = Debug;
		};
		D4EA5AAA21D135CB007D883C /* Release */ = {
			isa = XCBuildConfiguration;
			baseConfigurationReference = 849ECA7A33D90DFF2878EB00 /* Pods-ConfessionsDynamicApp.release.xcconfig */;
			buildSettings = {
				ASSETCATALOG_COMPILER_APPICON_NAME = AppIcon;
				CODE_SIGN_STYLE = Automatic;
				INFOPLIST_FILE = ConfessionsDynamicApp/Info.plist;
				LD_RUNPATH_SEARCH_PATHS = (
					"$(inherited)",
					"@executable_path/Frameworks",
				);
				PRODUCT_BUNDLE_IDENTIFIER = com.lucyxu.ConfessionsDynamicApp;
				PRODUCT_NAME = "$(TARGET_NAME)";
				SWIFT_VERSION = 4.2;
				TARGETED_DEVICE_FAMILY = "1,2";
			};
			name = Release;
		};
/* End XCBuildConfiguration section */

/* Begin XCConfigurationList section */
		D4EA5A9121D135C5007D883C /* Build configuration list for PBXProject "ConfessionsDynamicApp" */ = {
			isa = XCConfigurationList;
			buildConfigurations = (
				D4EA5AA621D135CB007D883C /* Debug */,
				D4EA5AA721D135CB007D883C /* Release */,
			);
			defaultConfigurationIsVisible = 0;
			defaultConfigurationName = Release;
		};
		D4EA5AA821D135CB007D883C /* Build configuration list for PBXNativeTarget "ConfessionsDynamicApp" */ = {
			isa = XCConfigurationList;
			buildConfigurations = (
				D4EA5AA921D135CB007D883C /* Debug */,
				D4EA5AAA21D135CB007D883C /* Release */,
			);
			defaultConfigurationIsVisible = 0;
			defaultConfigurationName = Release;
		};
/* End XCConfigurationList section */
	};
	rootObject = D4EA5A8E21D135C5007D883C /* Project object */;
}
